
Microsoft Visual Studio Solution File, Format Version 12.00
# Visual Studio Version 17
VisualStudioVersion = 17.0.31903.59
MinimumVisualStudioVersion = 10.0.40219.1
Project("{9A19103F-16F7-4668-BE54-9A1E7A4F7556}") = "ShellExtensions", "ShellExtensions\ShellExtensions.csproj", "{3C9E0EE6-8AD1-47E5-8F02-A51BC3FA8F80}"
EndProject
Project("{2150E333-8FDC-42A3-9474-1A3956D46DE8}") = "Samples", "Samples", "{57772AC8-9BCB-4873-A6C8-D89F9F4FE5E8}"
EndProject
Project("{2150E333-8FDC-42A3-9474-1A3956D46DE8}") = "ExplorerContextMenu", "ExplorerContextMenu", "{9CF6EA9F-FC67-4917-A06B-E83CE490456F}"
EndProject
Project("{9A19103F-16F7-4668-BE54-9A1E7A4F7556}") = "ExplorerContextMenu", "ExplorerContextMenu\ExplorerContextMenu\ExplorerContextMenu.csproj", "{6318FFA6-D614-4B1F-A158-F129603837D3}"
EndProject
Project("{9A19103F-16F7-4668-BE54-9A1E7A4F7556}") = "ExplorerContextMenu.Models", "ExplorerContextMenu\ExplorerContextMenu.Models\ExplorerContextMenu.Models.csproj", "{1AB83E7A-3358-4C72-92BB-9B1FE3C79A7A}"
EndProject
Project("{FAE04EC0-301F-11D3-BF4B-00C04F79EFBC}") = "ExplorerContextMenu.ResourceHelper", "ExplorerContextMenu\ExplorerContextMenu.ResourceHelper\ExplorerContextMenu.ResourceHelper.csproj", "{C4CE697F-CDB1-40A0-BCF0-7A5D9916792C}"
EndProject
Project("{FAE04EC0-301F-11D3-BF4B-00C04F79EFBC}") = "ShellExtDll", "Samples\ShellExtDll\ShellExtDll.csproj", "{50C3E95E-6154-43A8-B1FB-6071CA296B2D}"
EndProject
Project("{FAE04EC0-301F-11D3-BF4B-00C04F79EFBC}") = "PreviewApp", "Samples\PreviewApp\PreviewApp.csproj", "{2ED9ECB4-20D4-4114-AF90-5DD475F7D0B8}"
EndProject
Project("{C7167F0D-BC9F-4E6E-AFE1-012C56B48DB5}") = "ShellExtensions.Sample.Package", "Samples\ShellExtensions.Sample.Package\ShellExtensions.Sample.Package.wapproj", "{AA1FFA5E-624C-4F50-A9FA-89532E790242}"
EndProject
Global
	GlobalSection(SolutionConfigurationPlatforms) = preSolution
		Debug|Any CPU = Debug|Any CPU
		Debug|ARM64 = Debug|ARM64
		Debug|x64 = Debug|x64
		Debug|x86 = Debug|x86
		Release|Any CPU = Release|Any CPU
		Release|ARM64 = Release|ARM64
		Release|x64 = Release|x64
		Release|x86 = Release|x86
	EndGlobalSection
	GlobalSection(ProjectConfigurationPlatforms) = postSolution
		{3C9E0EE6-8AD1-47E5-8F02-A51BC3FA8F80}.Debug|Any CPU.ActiveCfg = Debug|Any CPU
		{3C9E0EE6-8AD1-47E5-8F02-A51BC3FA8F80}.Debug|Any CPU.Build.0 = Debug|Any CPU
		{3C9E0EE6-8AD1-47E5-8F02-A51BC3FA8F80}.Debug|ARM64.ActiveCfg = Debug|ARM64
		{3C9E0EE6-8AD1-47E5-8F02-A51BC3FA8F80}.Debug|ARM64.Build.0 = Debug|ARM64
		{3C9E0EE6-8AD1-47E5-8F02-A51BC3FA8F80}.Debug|x64.ActiveCfg = Debug|x64
		{3C9E0EE6-8AD1-47E5-8F02-A51BC3FA8F80}.Debug|x64.Build.0 = Debug|x64
		{3C9E0EE6-8AD1-47E5-8F02-A51BC3FA8F80}.Debug|x86.ActiveCfg = Debug|x86
		{3C9E0EE6-8AD1-47E5-8F02-A51BC3FA8F80}.Debug|x86.Build.0 = Debug|x86
		{3C9E0EE6-8AD1-47E5-8F02-A51BC3FA8F80}.Release|Any CPU.ActiveCfg = Release|Any CPU
		{3C9E0EE6-8AD1-47E5-8F02-A51BC3FA8F80}.Release|Any CPU.Build.0 = Release|Any CPU
		{3C9E0EE6-8AD1-47E5-8F02-A51BC3FA8F80}.Release|ARM64.ActiveCfg = Release|ARM64
		{3C9E0EE6-8AD1-47E5-8F02-A51BC3FA8F80}.Release|ARM64.Build.0 = Release|ARM64
		{3C9E0EE6-8AD1-47E5-8F02-A51BC3FA8F80}.Release|x64.ActiveCfg = Release|x64
		{3C9E0EE6-8AD1-47E5-8F02-A51BC3FA8F80}.Release|x64.Build.0 = Release|x64
		{3C9E0EE6-8AD1-47E5-8F02-A51BC3FA8F80}.Release|x86.ActiveCfg = Release|x86
		{3C9E0EE6-8AD1-47E5-8F02-A51BC3FA8F80}.Release|x86.Build.0 = Release|x86
		{6318FFA6-D614-4B1F-A158-F129603837D3}.Debug|Any CPU.ActiveCfg = Debug|Any CPU
		{6318FFA6-D614-4B1F-A158-F129603837D3}.Debug|Any CPU.Build.0 = Debug|Any CPU
		{6318FFA6-D614-4B1F-A158-F129603837D3}.Debug|ARM64.ActiveCfg = Debug|ARM64
		{6318FFA6-D614-4B1F-A158-F129603837D3}.Debug|ARM64.Build.0 = Debug|ARM64
		{6318FFA6-D614-4B1F-A158-F129603837D3}.Debug|x64.ActiveCfg = Debug|x64
		{6318FFA6-D614-4B1F-A158-F129603837D3}.Debug|x64.Build.0 = Debug|x64
		{6318FFA6-D614-4B1F-A158-F129603837D3}.Debug|x86.ActiveCfg = Debug|x86
		{6318FFA6-D614-4B1F-A158-F129603837D3}.Debug|x86.Build.0 = Debug|x86
		{6318FFA6-D614-4B1F-A158-F129603837D3}.Release|Any CPU.ActiveCfg = Release|Any CPU
		{6318FFA6-D614-4B1F-A158-F129603837D3}.Release|Any CPU.Build.0 = Release|Any CPU
		{6318FFA6-D614-4B1F-A158-F129603837D3}.Release|ARM64.ActiveCfg = Release|ARM64
		{6318FFA6-D614-4B1F-A158-F129603837D3}.Release|ARM64.Build.0 = Release|ARM64
		{6318FFA6-D614-4B1F-A158-F129603837D3}.Release|x64.ActiveCfg = Release|x64
		{6318FFA6-D614-4B1F-A158-F129603837D3}.Release|x64.Build.0 = Release|x64
		{6318FFA6-D614-4B1F-A158-F129603837D3}.Release|x86.ActiveCfg = Release|x86
		{6318FFA6-D614-4B1F-A158-F129603837D3}.Release|x86.Build.0 = Release|x86
		{1AB83E7A-3358-4C72-92BB-9B1FE3C79A7A}.Debug|Any CPU.ActiveCfg = Debug|Any CPU
		{1AB83E7A-3358-4C72-92BB-9B1FE3C79A7A}.Debug|Any CPU.Build.0 = Debug|Any CPU
		{1AB83E7A-3358-4C72-92BB-9B1FE3C79A7A}.Debug|ARM64.ActiveCfg = Debug|Any CPU
		{1AB83E7A-3358-4C72-92BB-9B1FE3C79A7A}.Debug|ARM64.Build.0 = Debug|Any CPU
		{1AB83E7A-3358-4C72-92BB-9B1FE3C79A7A}.Debug|x64.ActiveCfg = Debug|Any CPU
		{1AB83E7A-3358-4C72-92BB-9B1FE3C79A7A}.Debug|x64.Build.0 = Debug|Any CPU
		{1AB83E7A-3358-4C72-92BB-9B1FE3C79A7A}.Debug|x86.ActiveCfg = Debug|Any CPU
		{1AB83E7A-3358-4C72-92BB-9B1FE3C79A7A}.Debug|x86.Build.0 = Debug|Any CPU
		{1AB83E7A-3358-4C72-92BB-9B1FE3C79A7A}.Release|Any CPU.ActiveCfg = Release|Any CPU
		{1AB83E7A-3358-4C72-92BB-9B1FE3C79A7A}.Release|Any CPU.Build.0 = Release|Any CPU
		{1AB83E7A-3358-4C72-92BB-9B1FE3C79A7A}.Release|ARM64.ActiveCfg = Release|Any CPU
		{1AB83E7A-3358-4C72-92BB-9B1FE3C79A7A}.Release|ARM64.Build.0 = Release|Any CPU
		{1AB83E7A-3358-4C72-92BB-9B1FE3C79A7A}.Release|x64.ActiveCfg = Release|Any CPU
		{1AB83E7A-3358-4C72-92BB-9B1FE3C79A7A}.Release|x64.Build.0 = Release|Any CPU
		{1AB83E7A-3358-4C72-92BB-9B1FE3C79A7A}.Release|x86.ActiveCfg = Release|Any CPU
		{1AB83E7A-3358-4C72-92BB-9B1FE3C79A7A}.Release|x86.Build.0 = Release|Any CPU
		{C4CE697F-CDB1-40A0-BCF0-7A5D9916792C}.Debug|Any CPU.ActiveCfg = Debug|Any CPU
		{C4CE697F-CDB1-40A0-BCF0-7A5D9916792C}.Debug|Any CPU.Build.0 = Debug|Any CPU
		{C4CE697F-CDB1-40A0-BCF0-7A5D9916792C}.Debug|ARM64.ActiveCfg = Debug|ARM64
		{C4CE697F-CDB1-40A0-BCF0-7A5D9916792C}.Debug|ARM64.Build.0 = Debug|ARM64
		{C4CE697F-CDB1-40A0-BCF0-7A5D9916792C}.Debug|x64.ActiveCfg = Debug|x64
		{C4CE697F-CDB1-40A0-BCF0-7A5D9916792C}.Debug|x64.Build.0 = Debug|x64
		{C4CE697F-CDB1-40A0-BCF0-7A5D9916792C}.Debug|x86.ActiveCfg = Debug|x86
		{C4CE697F-CDB1-40A0-BCF0-7A5D9916792C}.Debug|x86.Build.0 = Debug|x86
		{C4CE697F-CDB1-40A0-BCF0-7A5D9916792C}.Release|Any CPU.ActiveCfg = Release|Any CPU
		{C4CE697F-CDB1-40A0-BCF0-7A5D9916792C}.Release|Any CPU.Build.0 = Release|Any CPU
		{C4CE697F-CDB1-40A0-BCF0-7A5D9916792C}.Release|ARM64.ActiveCfg = Release|ARM64
		{C4CE697F-CDB1-40A0-BCF0-7A5D9916792C}.Release|ARM64.Build.0 = Release|ARM64
		{C4CE697F-CDB1-40A0-BCF0-7A5D9916792C}.Release|x64.ActiveCfg = Release|x64
		{C4CE697F-CDB1-40A0-BCF0-7A5D9916792C}.Release|x64.Build.0 = Release|x64
		{C4CE697F-CDB1-40A0-BCF0-7A5D9916792C}.Release|x86.ActiveCfg = Release|x86
		{C4CE697F-CDB1-40A0-BCF0-7A5D9916792C}.Release|x86.Build.0 = Release|x86
		{50C3E95E-6154-43A8-B1FB-6071CA296B2D}.Debug|Any CPU.ActiveCfg = Debug|Any CPU
		{50C3E95E-6154-43A8-B1FB-6071CA296B2D}.Debug|Any CPU.Build.0 = Debug|Any CPU
		{50C3E95E-6154-43A8-B1FB-6071CA296B2D}.Debug|ARM64.ActiveCfg = Debug|Any CPU
		{50C3E95E-6154-43A8-B1FB-6071CA296B2D}.Debug|ARM64.Build.0 = Debug|Any CPU
		{50C3E95E-6154-43A8-B1FB-6071CA296B2D}.Debug|x64.ActiveCfg = Debug|Any CPU
		{50C3E95E-6154-43A8-B1FB-6071CA296B2D}.Debug|x64.Build.0 = Debug|Any CPU
		{50C3E95E-6154-43A8-B1FB-6071CA296B2D}.Debug|x86.ActiveCfg = Debug|Any CPU
		{50C3E95E-6154-43A8-B1FB-6071CA296B2D}.Debug|x86.Build.0 = Debug|Any CPU
		{50C3E95E-6154-43A8-B1FB-6071CA296B2D}.Release|Any CPU.ActiveCfg = Release|Any CPU
		{50C3E95E-6154-43A8-B1FB-6071CA296B2D}.Release|Any CPU.Build.0 = Release|Any CPU
		{50C3E95E-6154-43A8-B1FB-6071CA296B2D}.Release|ARM64.ActiveCfg = Release|Any CPU
		{50C3E95E-6154-43A8-B1FB-6071CA296B2D}.Release|ARM64.Build.0 = Release|Any CPU
		{50C3E95E-6154-43A8-B1FB-6071CA296B2D}.Release|x64.ActiveCfg = Release|Any CPU
		{50C3E95E-6154-43A8-B1FB-6071CA296B2D}.Release|x64.Build.0 = Release|Any CPU
		{50C3E95E-6154-43A8-B1FB-6071CA296B2D}.Release|x86.ActiveCfg = Release|Any CPU
		{50C3E95E-6154-43A8-B1FB-6071CA296B2D}.Release|x86.Build.0 = Release|Any CPU
		{2ED9ECB4-20D4-4114-AF90-5DD475F7D0B8}.Debug|Any CPU.ActiveCfg = Debug|Any CPU
		{2ED9ECB4-20D4-4114-AF90-5DD475F7D0B8}.Debug|Any CPU.Build.0 = Debug|Any CPU
		{2ED9ECB4-20D4-4114-AF90-5DD475F7D0B8}.Debug|ARM64.ActiveCfg = Debug|ARM64
		{2ED9ECB4-20D4-4114-AF90-5DD475F7D0B8}.Debug|ARM64.Build.0 = Debug|ARM64
		{2ED9ECB4-20D4-4114-AF90-5DD475F7D0B8}.Debug|x64.ActiveCfg = Debug|x64
		{2ED9ECB4-20D4-4114-AF90-5DD475F7D0B8}.Debug|x64.Build.0 = Debug|x64
		{2ED9ECB4-20D4-4114-AF90-5DD475F7D0B8}.Debug|x86.ActiveCfg = Debug|x86
		{2ED9ECB4-20D4-4114-AF90-5DD475F7D0B8}.Debug|x86.Build.0 = Debug|x86
		{2ED9ECB4-20D4-4114-AF90-5DD475F7D0B8}.Release|Any CPU.ActiveCfg = Release|Any CPU
		{2ED9ECB4-20D4-4114-AF90-5DD475F7D0B8}.Release|Any CPU.Build.0 = Release|Any CPU
		{2ED9ECB4-20D4-4114-AF90-5DD475F7D0B8}.Release|ARM64.ActiveCfg = Release|ARM64
		{2ED9ECB4-20D4-4114-AF90-5DD475F7D0B8}.Release|ARM64.Build.0 = Release|ARM64
		{2ED9ECB4-20D4-4114-AF90-5DD475F7D0B8}.Release|x64.ActiveCfg = Release|x64
		{2ED9ECB4-20D4-4114-AF90-5DD475F7D0B8}.Release|x64.Build.0 = Release|x64
		{2ED9ECB4-20D4-4114-AF90-5DD475F7D0B8}.Release|x86.ActiveCfg = Release|x86
		{2ED9ECB4-20D4-4114-AF90-5DD475F7D0B8}.Release|x86.Build.0 = Release|x86
		{AA1FFA5E-624C-4F50-A9FA-89532E790242}.Debug|Any CPU.ActiveCfg = Debug|Any CPU
		{AA1FFA5E-624C-4F50-A9FA-89532E790242}.Debug|Any CPU.Build.0 = Debug|Any CPU
		{AA1FFA5E-624C-4F50-A9FA-89532E790242}.Debug|Any CPU.Deploy.0 = Debug|Any CPU
		{AA1FFA5E-624C-4F50-A9FA-89532E790242}.Debug|ARM64.ActiveCfg = Debug|ARM64
		{AA1FFA5E-624C-4F50-A9FA-89532E790242}.Debug|ARM64.Build.0 = Debug|ARM64
		{AA1FFA5E-624C-4F50-A9FA-89532E790242}.Debug|ARM64.Deploy.0 = Debug|ARM64
		{AA1FFA5E-624C-4F50-A9FA-89532E790242}.Debug|x64.ActiveCfg = Debug|x64
		{AA1FFA5E-624C-4F50-A9FA-89532E790242}.Debug|x64.Build.0 = Debug|x64
		{AA1FFA5E-624C-4F50-A9FA-89532E790242}.Debug|x64.Deploy.0 = Debug|x64
		{AA1FFA5E-624C-4F50-A9FA-89532E790242}.Debug|x86.ActiveCfg = Debug|x86
		{AA1FFA5E-624C-4F50-A9FA-89532E790242}.Debug|x86.Build.0 = Debug|x86
		{AA1FFA5E-624C-4F50-A9FA-89532E790242}.Debug|x86.Deploy.0 = Debug|x86
		{AA1FFA5E-624C-4F50-A9FA-89532E790242}.Release|Any CPU.ActiveCfg = Release|Any CPU
		{AA1FFA5E-624C-4F50-A9FA-89532E790242}.Release|Any CPU.Build.0 = Release|Any CPU
		{AA1FFA5E-624C-4F50-A9FA-89532E790242}.Release|Any CPU.Deploy.0 = Release|Any CPU
		{AA1FFA5E-624C-4F50-A9FA-89532E790242}.Release|ARM64.ActiveCfg = Release|ARM64
		{AA1FFA5E-624C-4F50-A9FA-89532E790242}.Release|ARM64.Build.0 = Release|ARM64
		{AA1FFA5E-624C-4F50-A9FA-89532E790242}.Release|ARM64.Deploy.0 = Release|ARM64
		{AA1FFA5E-624C-4F50-A9FA-89532E790242}.Release|x64.ActiveCfg = Release|x64
		{AA1FFA5E-624C-4F50-A9FA-89532E790242}.Release|x64.Build.0 = Release|x64
		{AA1FFA5E-624C-4F50-A9FA-89532E790242}.Release|x64.Deploy.0 = Release|x64
		{AA1FFA5E-624C-4F50-A9FA-89532E790242}.Release|x86.ActiveCfg = Release|x86
		{AA1FFA5E-624C-4F50-A9FA-89532E790242}.Release|x86.Build.0 = Release|x86
		{AA1FFA5E-624C-4F50-A9FA-89532E790242}.Release|x86.Deploy.0 = Release|x86
	EndGlobalSection
	GlobalSection(SolutionProperties) = preSolution
		HideSolutionNode = FALSE
	EndGlobalSection
	GlobalSection(NestedProjects) = preSolution
		{6318FFA6-D614-4B1F-A158-F129603837D3} = {9CF6EA9F-FC67-4917-A06B-E83CE490456F}
		{1AB83E7A-3358-4C72-92BB-9B1FE3C79A7A} = {9CF6EA9F-FC67-4917-A06B-E83CE490456F}
		{C4CE697F-CDB1-40A0-BCF0-7A5D9916792C} = {9CF6EA9F-FC67-4917-A06B-E83CE490456F}
		{50C3E95E-6154-43A8-B1FB-6071CA296B2D} = {57772AC8-9BCB-4873-A6C8-D89F9F4FE5E8}
		{2ED9ECB4-20D4-4114-AF90-5DD475F7D0B8} = {57772AC8-9BCB-4873-A6C8-D89F9F4FE5E8}
		{AA1FFA5E-624C-4F50-A9FA-89532E790242} = {57772AC8-9BCB-4873-A6C8-D89F9F4FE5E8}
	EndGlobalSection
	GlobalSection(ExtensibilityGlobals) = postSolution
		SolutionGuid = {A6D506A7-852F-495A-9D70-D6AD9414EAE3}
	EndGlobalSection
EndGlobal
